
Microsoft Visual Studio Solution File, Format Version 12.00
# Visual Studio Version 17
VisualStudioVersion = 17.8.34330.188
MinimumVisualStudioVersion = 10.0.40219.1
Project("{9A19103F-16F7-4668-BE54-9A1E7A4F7556}") = "EF Relations", "ConsoleApp1\EF Relations.csproj", "{025D6EC0-E44D-4AED-8431-E4620B9FE006}"
EndProject
Global
	GlobalSection(SolutionConfigurationPlatforms) = preSolution
		Debug|Any CPU = Debug|Any CPU
		Release|Any CPU = Release|Any CPU
	EndGlobalSection
	GlobalSection(ProjectConfigurationPlatforms) = postSolution
		{025D6EC0-E44D-4AED-8431-E4620B9FE006}.Debug|Any CPU.ActiveCfg = Debug|Any CPU
		{025D6EC0-E44D-4AED-8431-E4620B9FE006}.Debug|Any CPU.Build.0 = Debug|Any CPU
		{025D6EC0-E44D-4AED-8431-E4620B9FE006}.Release|Any CPU.ActiveCfg = Release|Any CPU
		{025D6EC0-E44D-4AED-8431-E4620B9FE006}.Release|Any CPU.Build.0 = Release|Any CPU
	EndGlobalSection
	GlobalSection(SolutionProperties) = preSolution
		HideSolutionNode = FALSE
	EndGlobalSection
	GlobalSection(ExtensibilityGlobals) = postSolution
		SolutionGuid = {4C801687-2CEB-46E6-8BDE-051D72D208C7}
	EndGlobalSection
EndGlobal
